{
    "_meta": {
        "hash": {
            "sha256": "f45b549f73f373ef33cd27775cb7afbe1900126105af6be2bdca786bfb44f475"
        },
        "pipfile-spec": 6,
        "requires": {
            "python_version": "3.7"
        },
        "sources": [
            {
                "name": "pypi",
                "url": "https://pypi.org/simple",
                "verify_ssl": true
            }
        ]
    },
    "default": {},
    "develop": {
        "python-dotenv": {
            "hashes": [
                "sha256:156f218846bd90e0d537915545cde4a987947c2cecc628b50f9955fdde72534a",
                "sha256:6640acd76e6cab84648e4fec16c9d19de6700971f9d91d045e7120622167bfda"
            ],
            "index": "pypi",
            "version": "==0.10.2"
        }
    }
}
